{
  "requires": true,
  "lockfileVersion": 1,
  "dependencies": {
    "@minui/wxc-avatar": {
      "version": "1.0.5",
      "resolved": "http://registry.npm.taobao.org/@minui/wxc-avatar/download/@minui/wxc-avatar-1.0.5.tgz",
      "integrity": "sha1-GeSTdAiyIF/uE17hTvlIEtfnYvc=",
      "requires": {
        "@minui/wxc-badge": "1.0.5",
        "@minui/wxc-cc": "1.0.4"
      }
    },
    "@minui/wxc-badge": {
      "version": "1.0.5",
      "resolved": "http://registry.npm.taobao.org/@minui/wxc-badge/download/@minui/wxc-badge-1.0.5.tgz",
      "integrity": "sha1-fpOrGCI2jnJEXelakw+dSElxeRM="
    },
    "@minui/wxc-button": {
      "version": "1.0.2",
      "resolved": "http://registry.npm.taobao.org/@minui/wxc-button/download/@minui/wxc-button-1.0.2.tgz",
      "integrity": "sha1-PzJxMrpVQEmEwlb8tMODQYoZOhw="
    },
    "@minui/wxc-cc": {
      "version": "1.0.4",
      "resolved": "http://registry.npm.taobao.org/@minui/wxc-cc/download/@minui/wxc-cc-1.0.4.tgz",
      "integrity": "sha1-+9fkZa85eAAAQTco+vtXel7obdM=",
      "requires": {
        "@minui/wxc-flex": "1.0.6"
      }
    },
    "@minui/wxc-countdown": {
      "version": "1.0.5",
      "resolved": "http://registry.npm.taobao.org/@minui/wxc-countdown/download/@minui/wxc-countdown-1.0.5.tgz",
      "integrity": "sha1-GaKCPRP84xoIuAApFBs6b7qHM40="
    },
    "@minui/wxc-dialog": {
      "version": "1.0.9",
      "resolved": "http://registry.npm.taobao.org/@minui/wxc-dialog/download/@minui/wxc-dialog-1.0.9.tgz",
      "integrity": "sha1-bTnxanQ8/CV2lv95UXz9HJQAIw0=",
      "requires": {
        "@minui/wxc-popup": "^1.0.9"
      }
    },
    "@minui/wxc-flex": {
      "version": "1.0.6",
      "resolved": "http://registry.npm.taobao.org/@minui/wxc-flex/download/@minui/wxc-flex-1.0.6.tgz",
      "integrity": "sha1-mZIwncv0R/VzsG9VJ83MLVAQkos="
    },
    "@minui/wxc-icon": {
      "version": "1.0.9",
      "resolved": "http://registry.npm.taobao.org/@minui/wxc-icon/download/@minui/wxc-icon-1.0.9.tgz",
      "integrity": "sha1-aJVj0yYUapLAulR9Eox/Mio0DvE="
    },
    "@minui/wxc-input": {
      "version": "1.0.2",
      "resolved": "http://registry.npm.taobao.org/@minui/wxc-input/download/@minui/wxc-input-1.0.2.tgz",
      "integrity": "sha1-wq5qGHPM7g+R/KTMacqbnG+cLp4="
    },
    "@minui/wxc-label": {
      "version": "1.0.5",
      "resolved": "http://registry.npm.taobao.org/@minui/wxc-label/download/@minui/wxc-label-1.0.5.tgz",
      "integrity": "sha1-kQwEaej/ghGR0TWuOuMz54aZTXg="
    },
    "@minui/wxc-list": {
      "version": "1.0.1",
      "resolved": "http://registry.npm.taobao.org/@minui/wxc-list/download/@minui/wxc-list-1.0.1.tgz",
      "integrity": "sha1-Tm4ArgLE2RiZ01YRXcq0pPoosS0="
    },
    "@minui/wxc-mask": {
      "version": "1.0.8",
      "resolved": "http://registry.npm.taobao.org/@minui/wxc-mask/download/@minui/wxc-mask-1.0.8.tgz",
      "integrity": "sha1-JnxagdXVmiPvgS5AIb7nPQCPtdY="
    },
    "@minui/wxc-notice": {
      "version": "1.0.1",
      "resolved": "http://registry.npm.taobao.org/@minui/wxc-notice/download/@minui/wxc-notice-1.0.1.tgz",
      "integrity": "sha1-smhy+Gz8w1QqEqzs396f4q33WqM="
    },
    "@minui/wxc-panel": {
      "version": "1.0.1",
      "resolved": "http://registry.npm.taobao.org/@minui/wxc-panel/download/@minui/wxc-panel-1.0.1.tgz",
      "integrity": "sha1-y0e5emcMwAGSnvxVQwVX/JnU1XU="
    },
    "@minui/wxc-popup": {
      "version": "1.0.9",
      "resolved": "http://registry.npm.taobao.org/@minui/wxc-popup/download/@minui/wxc-popup-1.0.9.tgz",
      "integrity": "sha1-TN8WYaYDCL20ZYc7lchm6Ojx4zk=",
      "requires": {
        "@minui/wxc-mask": "1.0.8"
      }
    },
    "@minui/wxc-price": {
      "version": "1.0.8",
      "resolved": "http://registry.npm.taobao.org/@minui/wxc-price/download/@minui/wxc-price-1.0.8.tgz",
      "integrity": "sha1-hHGRRBKVjvRCDqpr6lArF2nH0Ow="
    },
    "@minui/wxc-progress": {
      "version": "1.0.5",
      "resolved": "http://registry.npm.taobao.org/@minui/wxc-progress/download/@minui/wxc-progress-1.0.5.tgz",
      "integrity": "sha1-wumXpU2GH4BVYCSAdmPrrSxkLq0="
    },
    "@minui/wxc-rate": {
      "version": "1.0.2",
      "resolved": "http://registry.npm.taobao.org/@minui/wxc-rate/download/@minui/wxc-rate-1.0.2.tgz",
      "integrity": "sha1-4TT58DX13syaZy8UsFSlMbAfc9I="
    },
    "@minui/wxc-search": {
      "version": "1.0.1",
      "resolved": "http://registry.npm.taobao.org/@minui/wxc-search/download/@minui/wxc-search-1.0.1.tgz",
      "integrity": "sha1-TG4Vdwu9JpHa5vmOvkisPuvtN2Q="
    },
    "@minui/wxc-toast": {
      "version": "1.0.9",
      "resolved": "http://registry.npm.taobao.org/@minui/wxc-toast/download/@minui/wxc-toast-1.0.9.tgz",
      "integrity": "sha1-NI7mSNp01iXFH7rL8mH8nJjU5gY=",
      "requires": {
        "@minui/wxc-icon": "^1.0.9"
      }
    }
  }
}
